
Microsoft Visual Studio Solution File, Format Version 12.00
# Visual Studio Version 16
VisualStudioVersion = 16.0.31205.134
MinimumVisualStudioVersion = 10.0.40219.1
Project("{FAE04EC0-301F-11D3-BF4B-00C04F79EFBC}") = "TestProject.WebApi", "TestProject.WebApi\TestProject.WebApi.csproj", "{20FC9D0D-AD89-4F3E-8C60-8D7198791F96}"
EndProject
Global
	GlobalSection(SolutionConfigurationPlatforms) = preSolution
		Debug|Any CPU = Debug|Any CPU
		Release|Any CPU = Release|Any CPU
	EndGlobalSection
	GlobalSection(ProjectConfigurationPlatforms) = postSolution
		{20FC9D0D-AD89-4F3E-8C60-8D7198791F96}.Debug|Any CPU.ActiveCfg = Debug|Any CPU
		{20FC9D0D-AD89-4F3E-8C60-8D7198791F96}.Debug|Any CPU.Build.0 = Debug|Any CPU
		{20FC9D0D-AD89-4F3E-8C60-8D7198791F96}.Release|Any CPU.ActiveCfg = Release|Any CPU
		{20FC9D0D-AD89-4F3E-8C60-8D7198791F96}.Release|Any CPU.Build.0 = Release|Any CPU
	EndGlobalSection
	GlobalSection(SolutionProperties) = preSolution
		HideSolutionNode = FALSE
	EndGlobalSection
	GlobalSection(ExtensibilityGlobals) = postSolution
		SolutionGuid = {A372F694-87C5-4D42-8D18-60217C05D152}
	EndGlobalSection
EndGlobal
