
Microsoft Visual Studio Solution File, Format Version 12.00
# Visual Studio Version 16
VisualStudioVersion = 16.0.31205.134
MinimumVisualStudioVersion = 10.0.40219.1
Project("{FAE04EC0-301F-11D3-BF4B-00C04F79EFBC}") = "Oglasnik.WebAPI", "Oglasnik.WebAPI\Oglasnik.WebAPI.csproj", "{758CFE98-2D4D-4667-B4A3-38EE7BD8A477}"
EndProject
Project("{FAE04EC0-301F-11D3-BF4B-00C04F79EFBC}") = "DAL", "DAL\DAL.csproj", "{E79459F9-19E1-4B8B-8364-A9E7838833B3}"
EndProject
Project("{FAE04EC0-301F-11D3-BF4B-00C04F79EFBC}") = "Models", "Models\Models.csproj", "{906A1E84-14DB-4B03-933E-C65FA2139976}"
EndProject
Project("{FAE04EC0-301F-11D3-BF4B-00C04F79EFBC}") = "Models.Common", "Models.Common\Models.Common.csproj", "{F298ED73-8EF6-4F12-BCDA-2F04B0B28081}"
EndProject
Project("{FAE04EC0-301F-11D3-BF4B-00C04F79EFBC}") = "Repository", "Repository\Repository.csproj", "{695A8BC7-9CE9-4A52-AB2E-78E251149994}"
EndProject
Project("{FAE04EC0-301F-11D3-BF4B-00C04F79EFBC}") = "Repository.Common", "Repository.Common\Repository.Common.csproj", "{27B92CC1-BCAE-49C6-8B52-C02E69F4498A}"
EndProject
Project("{FAE04EC0-301F-11D3-BF4B-00C04F79EFBC}") = "Service", "Service\Service.csproj", "{570F8877-6184-4B54-B1FB-9355A7B52BB1}"
EndProject
Project("{FAE04EC0-301F-11D3-BF4B-00C04F79EFBC}") = "Service.Common", "Service.Common\Service.Common.csproj", "{EDF615B0-8574-4FEE-9169-203390E1B0A9}"
EndProject
Project("{FAE04EC0-301F-11D3-BF4B-00C04F79EFBC}") = "Oglasnik.Common", "Oglasnik.Common\Oglasnik.Common.csproj", "{079B5977-62A3-4C60-ACC2-2D5300D23EC3}"
EndProject
Global
	GlobalSection(SolutionConfigurationPlatforms) = preSolution
		Debug|Any CPU = Debug|Any CPU
		Release|Any CPU = Release|Any CPU
	EndGlobalSection
	GlobalSection(ProjectConfigurationPlatforms) = postSolution
		{758CFE98-2D4D-4667-B4A3-38EE7BD8A477}.Debug|Any CPU.ActiveCfg = Debug|Any CPU
		{758CFE98-2D4D-4667-B4A3-38EE7BD8A477}.Debug|Any CPU.Build.0 = Debug|Any CPU
		{758CFE98-2D4D-4667-B4A3-38EE7BD8A477}.Release|Any CPU.ActiveCfg = Release|Any CPU
		{758CFE98-2D4D-4667-B4A3-38EE7BD8A477}.Release|Any CPU.Build.0 = Release|Any CPU
		{E79459F9-19E1-4B8B-8364-A9E7838833B3}.Debug|Any CPU.ActiveCfg = Debug|Any CPU
		{E79459F9-19E1-4B8B-8364-A9E7838833B3}.Debug|Any CPU.Build.0 = Debug|Any CPU
		{E79459F9-19E1-4B8B-8364-A9E7838833B3}.Release|Any CPU.ActiveCfg = Release|Any CPU
		{E79459F9-19E1-4B8B-8364-A9E7838833B3}.Release|Any CPU.Build.0 = Release|Any CPU
		{906A1E84-14DB-4B03-933E-C65FA2139976}.Debug|Any CPU.ActiveCfg = Debug|Any CPU
		{906A1E84-14DB-4B03-933E-C65FA2139976}.Debug|Any CPU.Build.0 = Debug|Any CPU
		{906A1E84-14DB-4B03-933E-C65FA2139976}.Release|Any CPU.ActiveCfg = Release|Any CPU
		{906A1E84-14DB-4B03-933E-C65FA2139976}.Release|Any CPU.Build.0 = Release|Any CPU
		{F298ED73-8EF6-4F12-BCDA-2F04B0B28081}.Debug|Any CPU.ActiveCfg = Debug|Any CPU
		{F298ED73-8EF6-4F12-BCDA-2F04B0B28081}.Debug|Any CPU.Build.0 = Debug|Any CPU
		{F298ED73-8EF6-4F12-BCDA-2F04B0B28081}.Release|Any CPU.ActiveCfg = Release|Any CPU
		{F298ED73-8EF6-4F12-BCDA-2F04B0B28081}.Release|Any CPU.Build.0 = Release|Any CPU
		{695A8BC7-9CE9-4A52-AB2E-78E251149994}.Debug|Any CPU.ActiveCfg = Debug|Any CPU
		{695A8BC7-9CE9-4A52-AB2E-78E251149994}.Debug|Any CPU.Build.0 = Debug|Any CPU
		{695A8BC7-9CE9-4A52-AB2E-78E251149994}.Release|Any CPU.ActiveCfg = Release|Any CPU
		{695A8BC7-9CE9-4A52-AB2E-78E251149994}.Release|Any CPU.Build.0 = Release|Any CPU
		{27B92CC1-BCAE-49C6-8B52-C02E69F4498A}.Debug|Any CPU.ActiveCfg = Debug|Any CPU
		{27B92CC1-BCAE-49C6-8B52-C02E69F4498A}.Debug|Any CPU.Build.0 = Debug|Any CPU
		{27B92CC1-BCAE-49C6-8B52-C02E69F4498A}.Release|Any CPU.ActiveCfg = Release|Any CPU
		{27B92CC1-BCAE-49C6-8B52-C02E69F4498A}.Release|Any CPU.Build.0 = Release|Any CPU
		{570F8877-6184-4B54-B1FB-9355A7B52BB1}.Debug|Any CPU.ActiveCfg = Debug|Any CPU
		{570F8877-6184-4B54-B1FB-9355A7B52BB1}.Debug|Any CPU.Build.0 = Debug|Any CPU
		{570F8877-6184-4B54-B1FB-9355A7B52BB1}.Release|Any CPU.ActiveCfg = Release|Any CPU
		{570F8877-6184-4B54-B1FB-9355A7B52BB1}.Release|Any CPU.Build.0 = Release|Any CPU
		{EDF615B0-8574-4FEE-9169-203390E1B0A9}.Debug|Any CPU.ActiveCfg = Debug|Any CPU
		{EDF615B0-8574-4FEE-9169-203390E1B0A9}.Debug|Any CPU.Build.0 = Debug|Any CPU
		{EDF615B0-8574-4FEE-9169-203390E1B0A9}.Release|Any CPU.ActiveCfg = Release|Any CPU
		{EDF615B0-8574-4FEE-9169-203390E1B0A9}.Release|Any CPU.Build.0 = Release|Any CPU
		{079B5977-62A3-4C60-ACC2-2D5300D23EC3}.Debug|Any CPU.ActiveCfg = Debug|Any CPU
		{079B5977-62A3-4C60-ACC2-2D5300D23EC3}.Debug|Any CPU.Build.0 = Debug|Any CPU
		{079B5977-62A3-4C60-ACC2-2D5300D23EC3}.Release|Any CPU.ActiveCfg = Release|Any CPU
		{079B5977-62A3-4C60-ACC2-2D5300D23EC3}.Release|Any CPU.Build.0 = Release|Any CPU
	EndGlobalSection
	GlobalSection(SolutionProperties) = preSolution
		HideSolutionNode = FALSE
	EndGlobalSection
	GlobalSection(ExtensibilityGlobals) = postSolution
		SolutionGuid = {2680DBB7-8C05-4B12-921B-7E3B3D80E98E}
	EndGlobalSection
EndGlobal
